{
  "requires": true,
  "lockfileVersion": 1,
  "dependencies": {
    "@types/node": {
      "version": "14.14.1",
      "resolved": "https://registry.npmjs.org/@types/node/-/node-14.14.1.tgz",
      "integrity": "sha512-D2/Xwp9c49JhIWq7SIrdvoYyGdq6yXkr5FTldN4rus9XljYFBul6P2epAID8xepOpL4ffcx09C05FZGK/1AIkw==",
      "dev": true
    },
    "@types/nodemailer": {
      "version": "6.4.0",
      "resolved": "https://registry.npmjs.org/@types/nodemailer/-/nodemailer-6.4.0.tgz",
      "integrity": "sha512-KY7bFWB0MahRZvVW4CuW83qcCDny59pJJ0MQ5ifvfcjNwPlIT0vW4uARO4u1gtkYnWdhSvURegecY/tzcukJcA==",
      "dev": true,
      "requires": {
        "@types/node": "*"
      }
    }
  }
}
